
Microsoft Visual Studio Solution File, Format Version 12.00
# Visual Studio Version 17
VisualStudioVersion = 17.5.33424.131
MinimumVisualStudioVersion = 10.0.40219.1
Project("{FAE04EC0-301F-11D3-BF4B-00C04F79EFBC}") = "stringcalculator", "StringCalculator\stringcalculator.csproj", "{BDBBC2EE-9396-421D-B093-153ED4230ED6}"
EndProject
Project("{FAE04EC0-301F-11D3-BF4B-00C04F79EFBC}") = "StringCalculatorNunitTests", "StringCalculatorNunitTests\StringCalculatorNunitTests.csproj", "{80AF780C-13F6-4E05-A257-04FB284BDF9D}"
EndProject
Global
	GlobalSection(SolutionConfigurationPlatforms) = preSolution
		Debug|Any CPU = Debug|Any CPU
		Release|Any CPU = Release|Any CPU
	EndGlobalSection
	GlobalSection(ProjectConfigurationPlatforms) = postSolution
		{BDBBC2EE-9396-421D-B093-153ED4230ED6}.Debug|Any CPU.ActiveCfg = Debug|Any CPU
		{BDBBC2EE-9396-421D-B093-153ED4230ED6}.Debug|Any CPU.Build.0 = Debug|Any CPU
		{BDBBC2EE-9396-421D-B093-153ED4230ED6}.Release|Any CPU.ActiveCfg = Release|Any CPU
		{BDBBC2EE-9396-421D-B093-153ED4230ED6}.Release|Any CPU.Build.0 = Release|Any CPU
		{80AF780C-13F6-4E05-A257-04FB284BDF9D}.Debug|Any CPU.ActiveCfg = Debug|Any CPU
		{80AF780C-13F6-4E05-A257-04FB284BDF9D}.Debug|Any CPU.Build.0 = Debug|Any CPU
		{80AF780C-13F6-4E05-A257-04FB284BDF9D}.Release|Any CPU.ActiveCfg = Release|Any CPU
		{80AF780C-13F6-4E05-A257-04FB284BDF9D}.Release|Any CPU.Build.0 = Release|Any CPU
	EndGlobalSection
	GlobalSection(SolutionProperties) = preSolution
		HideSolutionNode = FALSE
	EndGlobalSection
	GlobalSection(ExtensibilityGlobals) = postSolution
		SolutionGuid = {B817829E-E5C7-434B-96E6-90B49AA8D54F}
	EndGlobalSection
EndGlobal
